# The upstream protocol, pinned by a process that could see it.
#
# GENERATED by tools/gen-proto-lock.sh — DO NOT EDIT.
#
# Written only after that script regenerated the slice from Astra's astra.proto
# and found it byte-identical to proto/plugin.proto, which means it can only be
# written by someone holding a checkout of the private Astra repository: CI's
# proto-upstream job in full mode, or a maintainer running the script directly.
# Runs WITHOUT that access (every fork PR) verify these three values instead,
# and say plainly that they did not contact upstream.
#
#   protocol             the `// protocol: N` header of proto/plugin.proto
#   plugin_proto_sha256  sha256 of proto/plugin.proto
#   astra_proto_sha256   sha256 of astra-rs/astra-proto/src/astra.proto it was cut from
#
protocol=1
plugin_proto_sha256=5ee04ef813b7892ce2637c5b52f414a48487713a14e1f38b9227e5f3bd9423ed
astra_proto_sha256=d7049c5bef8420ae751dcf92fef600937a07b91b29778abe73ae9095552f124e
