# The upstream protocol, pinned by a process that could see it.
#
# GENERATED by tools/gen-proto-lock.sh — DO NOT EDIT.
#
# Written only after that script regenerated the slice from Astra's astra.proto
# and found it byte-identical to proto/plugin.proto, which means it can only be
# written by someone holding a checkout of the private Astra repository: CI's
# proto-upstream job in full mode, or a maintainer running the script directly.
# Runs WITHOUT that access (every fork PR) verify these three values instead,
# and say plainly that they did not contact upstream.
#
#   protocol             the `// protocol: N` header of proto/plugin.proto
#   plugin_proto_sha256  sha256 of proto/plugin.proto, header included
#   surface_sha256       sha256 of its plugin-facing BODY, header excluded — the
#                        value a run with no upstream access can recompute from
#                        the file in front of it, and the one that moves only
#                        when something a plugin can see moves
#   astra_proto_sha256   sha256 of the astra.proto it was cut from. OPTIONAL and
#                        being retired: it moves on every edit to that file,
#                        including edits with no effect here, and its guarantee
#                        is kept in the Astra repository beside the source. The
#                        line is absent once the slicer stops emitting the
#                        header, and its absence is reported, not assumed.
#
protocol=1
plugin_proto_sha256=4a0cc8776b4ff735ed7a61ff0a8c6afd3e9a1e3b8dec435a205469417f96d17c
surface_sha256=2f8e9d9262b018f1cd21b12a2fb3f62e75bfb152e68646180befc0c4e1260fea
