# The upstream protocol, pinned by a process that could see it.
#
# GENERATED by tools/gen-proto-lock.sh — DO NOT EDIT.
#
# Written only after that script regenerated the slice from Astra's astra.proto
# and found it byte-identical to proto/plugin.proto, which means it can only be
# written by someone holding a checkout of the private Astra repository: CI's
# proto-upstream job in full mode, or a maintainer running the script directly.
# Runs WITHOUT that access (every fork PR) verify these three values instead,
# and say plainly that they did not contact upstream.
#
#   protocol             the `// protocol: N` header of proto/plugin.proto
#   plugin_proto_sha256  sha256 of proto/plugin.proto
#   astra_proto_sha256   sha256 of astra-rs/astra-proto/src/astra.proto it was cut from
#
protocol=1
plugin_proto_sha256=3d121700b2abf58bbe70918a3e8f30e88ad1be75d09a00d5889a77fa7726a94a
astra_proto_sha256=65d10bc0832cad73aad0f273d55a20a6991c7627dbc4178ad006a95f4d3c6bc6
